
Microsoft Visual Studio Solution File, Format Version 12.00
# Visual Studio Version 16
VisualStudioVersion = 16.0.28902.138
MinimumVisualStudioVersion = 10.0.40219.1
Project("{9A19103F-16F7-4668-BE54-9A1E7A4F7556}") = "PanoramicData.ConnectMagic.Service", "PanoramicData.ConnectMagic.Service\PanoramicData.ConnectMagic.Service.csproj", "{5DBE13BC-9915-4C4F-BD2E-7330427DF474}"
EndProject
Project("{2150E333-8FDC-42A3-9474-1A3956D46DE8}") = "Solution Items", "Solution Items", "{11147174-428A-48ED-88C0-E3FA0823781F}"
	ProjectSection(SolutionItems) = preProject
		.editorconfig = .editorconfig
		.gitignore = .gitignore
		en-GB_User.dic = en-GB_User.dic
		en_GB.aff = en_GB.aff
		en_GB.dic = en_GB.dic
		global.json = global.json
		LICENSE = LICENSE
		PanoramicData.ConnectMagic.sln.vsspell = PanoramicData.ConnectMagic.sln.vsspell
		PanoramicData.ico = PanoramicData.ico
		README.md = README.md
		version.json = version.json
	EndProjectSection
EndProject
Project("{FAE04EC0-301F-11D3-BF4B-00C04F79EFBC}") = "PanoramicData.ConnectMagic.Service.Test", "PanoramicData.ConnectMagic.Service.Test\PanoramicData.ConnectMagic.Service.Test.csproj", "{F970EE51-3C8B-458F-8B4E-B817996895BA}"
EndProject
Global
	GlobalSection(SolutionConfigurationPlatforms) = preSolution
		Debug|Any CPU = Debug|Any CPU
		Release|Any CPU = Release|Any CPU
	EndGlobalSection
	GlobalSection(ProjectConfigurationPlatforms) = postSolution
		{5DBE13BC-9915-4C4F-BD2E-7330427DF474}.Debug|Any CPU.ActiveCfg = Debug|Any CPU
		{5DBE13BC-9915-4C4F-BD2E-7330427DF474}.Debug|Any CPU.Build.0 = Debug|Any CPU
		{5DBE13BC-9915-4C4F-BD2E-7330427DF474}.Release|Any CPU.ActiveCfg = Release|Any CPU
		{5DBE13BC-9915-4C4F-BD2E-7330427DF474}.Release|Any CPU.Build.0 = Release|Any CPU
		{F970EE51-3C8B-458F-8B4E-B817996895BA}.Debug|Any CPU.ActiveCfg = Debug|Any CPU
		{F970EE51-3C8B-458F-8B4E-B817996895BA}.Debug|Any CPU.Build.0 = Debug|Any CPU
		{F970EE51-3C8B-458F-8B4E-B817996895BA}.Release|Any CPU.ActiveCfg = Release|Any CPU
		{F970EE51-3C8B-458F-8B4E-B817996895BA}.Release|Any CPU.Build.0 = Release|Any CPU
	EndGlobalSection
	GlobalSection(SolutionProperties) = preSolution
		HideSolutionNode = FALSE
	EndGlobalSection
	GlobalSection(ExtensibilityGlobals) = postSolution
		SolutionGuid = {1C841365-EC30-42E7-9F08-1B6BE519DC78}
	EndGlobalSection
EndGlobal
