
Microsoft Visual Studio Solution File, Format Version 12.00
# Visual Studio Version 16
VisualStudioVersion = 16.0.28902.138
MinimumVisualStudioVersion = 10.0.40219.1
Project("{FAE04EC0-301F-11D3-BF4B-00C04F79EFBC}") = "PanoramicData.ConnectMagic.Service", "PanoramicData.ConnectMagic.Service\PanoramicData.ConnectMagic.Service.csproj", "{5DBE13BC-9915-4C4F-BD2E-7330427DF474}"
EndProject
Global
	GlobalSection(SolutionConfigurationPlatforms) = preSolution
		Debug|Any CPU = Debug|Any CPU
		Release|Any CPU = Release|Any CPU
	EndGlobalSection
	GlobalSection(ProjectConfigurationPlatforms) = postSolution
		{5DBE13BC-9915-4C4F-BD2E-7330427DF474}.Debug|Any CPU.ActiveCfg = Debug|Any CPU
		{5DBE13BC-9915-4C4F-BD2E-7330427DF474}.Debug|Any CPU.Build.0 = Debug|Any CPU
		{5DBE13BC-9915-4C4F-BD2E-7330427DF474}.Release|Any CPU.ActiveCfg = Release|Any CPU
		{5DBE13BC-9915-4C4F-BD2E-7330427DF474}.Release|Any CPU.Build.0 = Release|Any CPU
	EndGlobalSection
	GlobalSection(SolutionProperties) = preSolution
		HideSolutionNode = FALSE
	EndGlobalSection
	GlobalSection(ExtensibilityGlobals) = postSolution
		SolutionGuid = {1C841365-EC30-42E7-9F08-1B6BE519DC78}
	EndGlobalSection
EndGlobal
